
Microsoft Visual Studio Solution File, Format Version 9.00
# Visual Studio 2005
Project("{8BC9CEB8-8B4A-11D0-8D11-00A0C91BC942}") = "HTTWSDDevice", "proj_tr\proj_tr.vcproj", "{2EFE4400-819B-4382-8CD4-9D1C4CE15F30}"
	ProjectSection(WebsiteProperties) = preProject
		Debug.AspNetCompiler.Debug = "True"
		Release.AspNetCompiler.Debug = "False"
	EndProjectSection
EndProject
Global
	GlobalSection(SolutionConfigurationPlatforms) = preSolution
		Debug|Win32 = Debug|Win32
		Release|Win32 = Release|Win32
	EndGlobalSection
	GlobalSection(ProjectConfigurationPlatforms) = postSolution
		{2EFE4400-819B-4382-8CD4-9D1C4CE15F30}.Debug|Win32.ActiveCfg = Debug|Win32
		{2EFE4400-819B-4382-8CD4-9D1C4CE15F30}.Debug|Win32.Build.0 = Debug|Win32
		{2EFE4400-819B-4382-8CD4-9D1C4CE15F30}.Release|Win32.ActiveCfg = Release|Win32
		{2EFE4400-819B-4382-8CD4-9D1C4CE15F30}.Release|Win32.Build.0 = Release|Win32
	EndGlobalSection
	GlobalSection(SolutionProperties) = preSolution
		HideSolutionNode = FALSE
	EndGlobalSection
EndGlobal
